
Microsoft Visual Studio Solution File, Format Version 12.00
# Visual Studio Version 17
VisualStudioVersion = 17.8.34330.188
MinimumVisualStudioVersion = 10.0.40219.1
Project("{9A19103F-16F7-4668-BE54-9A1E7A4F7556}") = "BannerService", "BannerService\BannerService.csproj", "{64D9A9A4-161E-408F-9775-B475922A8B7C}"
EndProject
Project("{FAE04EC0-301F-11D3-BF4B-00C04F79EFBC}") = "BannerService.Tests", "BannerService.Tests\BannerService.Tests.csproj", "{A2A2475F-7C77-40FC-8584-11D3D8B23503}"
EndProject
Global
	GlobalSection(SolutionConfigurationPlatforms) = preSolution
		Debug|Any CPU = Debug|Any CPU
		Release|Any CPU = Release|Any CPU
	EndGlobalSection
	GlobalSection(ProjectConfigurationPlatforms) = postSolution
		{64D9A9A4-161E-408F-9775-B475922A8B7C}.Debug|Any CPU.ActiveCfg = Debug|Any CPU
		{64D9A9A4-161E-408F-9775-B475922A8B7C}.Debug|Any CPU.Build.0 = Debug|Any CPU
		{64D9A9A4-161E-408F-9775-B475922A8B7C}.Release|Any CPU.ActiveCfg = Release|Any CPU
		{64D9A9A4-161E-408F-9775-B475922A8B7C}.Release|Any CPU.Build.0 = Release|Any CPU
		{A2A2475F-7C77-40FC-8584-11D3D8B23503}.Debug|Any CPU.ActiveCfg = Debug|Any CPU
		{A2A2475F-7C77-40FC-8584-11D3D8B23503}.Debug|Any CPU.Build.0 = Debug|Any CPU
		{A2A2475F-7C77-40FC-8584-11D3D8B23503}.Release|Any CPU.ActiveCfg = Release|Any CPU
		{A2A2475F-7C77-40FC-8584-11D3D8B23503}.Release|Any CPU.Build.0 = Release|Any CPU
	EndGlobalSection
	GlobalSection(SolutionProperties) = preSolution
		HideSolutionNode = FALSE
	EndGlobalSection
	GlobalSection(ExtensibilityGlobals) = postSolution
		SolutionGuid = {CF04425B-CBED-4EBD-8939-991AE54B3883}
	EndGlobalSection
EndGlobal
